
Microsoft Visual Studio Solution File, Format Version 12.00
# Visual Studio 15
VisualStudioVersion = 15.0.27703.2042
MinimumVisualStudioVersion = 10.0.40219.1
Project("{FAE04EC0-301F-11D3-BF4B-00C04F79EFBC}") = "WildBlueTools", "WildBlueTools.csproj", "{CC0BDF1A-9641-4628-9F0F-3500DDC99534}"
EndProject
Project("{FAE04EC0-301F-11D3-BF4B-00C04F79EFBC}") = "DSEVUtils", "..\DSEV\DSEVUtils\DSEVUtils.csproj", "{9A537D7D-39FB-486D-AFB2-16509AB9753D}"
EndProject
Project("{FAE04EC0-301F-11D3-BF4B-00C04F79EFBC}") = "MoleUtils", "..\MOLE\MoleUtils\MoleUtils.csproj", "{0727F77B-B856-4D7D-8B2C-C1318B1EE46F}"
EndProject
Project("{FAE04EC0-301F-11D3-BF4B-00C04F79EFBC}") = "Pathfinder", "..\Pathfinder\Pathfinder\Pathfinder.csproj", "{AD41263E-2A61-4916-9D63-7101EA917811}"
EndProject
Project("{FAE04EC0-301F-11D3-BF4B-00C04F79EFBC}") = "Buffalo", "..\Buffalo\Buffalo\Buffalo.csproj", "{D23C646D-5B43-453A-800F-7E0B4C9A280D}"
EndProject
Project("{FAE04EC0-301F-11D3-BF4B-00C04F79EFBC}") = "SuperKerbal", "..\SuperKerbal\SuperKerbal\SuperKerbal.csproj", "{90745AD6-4DFB-46C4-BFAF-1A26F6486722}"
EndProject
Project("{FAE04EC0-301F-11D3-BF4B-00C04F79EFBC}") = "AirshipUtils", "..\Airships\AirshipUtils\AirshipUtils.csproj", "{16F9B534-09B0-42B5-BD49-E3B3364A48A7}"
EndProject
Project("{FAE04EC0-301F-11D3-BF4B-00C04F79EFBC}") = "Snacks", "..\Snacks\Snacks\Snacks.csproj", "{3463BA25-163C-4A80-B246-9E807ADABF0B}"
EndProject
Project("{FAE04EC0-301F-11D3-BF4B-00C04F79EFBC}") = "KerbalActuators", "..\KerbalActuators\KerbalActuators\KerbalActuators.csproj", "{691F7D23-82FA-4194-8357-0EF40092C050}"
EndProject
Project("{FAE04EC0-301F-11D3-BF4B-00C04F79EFBC}") = "BARIS", "..\BARIS\BARIS.csproj", "{7923C5AB-895D-4687-883E-CD5116986954}"
EndProject
Project("{FAE04EC0-301F-11D3-BF4B-00C04F79EFBC}") = "BARISBridge", "..\BARIS\BARISBridge\BARISBridge.csproj", "{8D46364B-4F22-403D-84E3-C2DCA8E49A4A}"
EndProject
Project("{FAE04EC0-301F-11D3-BF4B-00C04F79EFBC}") = "FlyingSaucers", "..\FlyingSaucers\Source\FlyingSaucers\FlyingSaucers.csproj", "{DC9630B5-3D6F-454E-BD91-0BA9E1D165BC}"
EndProject
Project("{FAE04EC0-301F-11D3-BF4B-00C04F79EFBC}") = "ServoController", "..\ServoController\Source\ServoController.csproj", "{F7A80263-AEB6-4C6B-A1B6-A46FB76BFA57}"
EndProject
Project("{FAE04EC0-301F-11D3-BF4B-00C04F79EFBC}") = "DecalUtils", "..\Decals\DecalUtils\DecalUtils.csproj", "{239E2B25-187D-4ACB-8A53-5506DF37B807}"
EndProject
Project("{FAE04EC0-301F-11D3-BF4B-00C04F79EFBC}") = "FactionSwitcher", "..\FactionSwitcher\FactionSwitcher.csproj", "{A6AE1EAF-0D50-4E8F-B329-6981FD3419E3}"
EndProject
Project("{FAE04EC0-301F-11D3-BF4B-00C04F79EFBC}") = "Blueshift", "..\Blueshift\Source\Blueshift\Blueshift.csproj", "{74BD7D76-7EAB-42B8-90AD-58486C5D12C0}"
EndProject
Project("{FAE04EC0-301F-11D3-BF4B-00C04F79EFBC}") = "Sandcastle", "..\Sandcastle\source\Sandcastle\Sandcastle.csproj", "{6E7577B1-A073-4A6F-8171-0797EEF9044E}"
EndProject
Project("{2150E333-8FDC-42A3-9474-1A3956D46DE8}") = "Legacy", "Legacy", "{8E49B025-5D28-47AF-BB7A-1999943B0ED1}"
EndProject
Project("{FAE04EC0-301F-11D3-BF4B-00C04F79EFBC}") = "SunkWorks", "..\SunkWorks\source\SunkWorks\SunkWorks.csproj", "{9CBE57BB-6546-4628-B568-E8BBA2A76701}"
EndProject
Global
	GlobalSection(SolutionConfigurationPlatforms) = preSolution
		Debug|Any CPU = Debug|Any CPU
		Debug|Mixed Platforms = Debug|Mixed Platforms
		Debug|x86 = Debug|x86
		Release|Any CPU = Release|Any CPU
		Release|Mixed Platforms = Release|Mixed Platforms
		Release|x86 = Release|x86
	EndGlobalSection
	GlobalSection(ProjectConfigurationPlatforms) = postSolution
		{CC0BDF1A-9641-4628-9F0F-3500DDC99534}.Debug|Any CPU.ActiveCfg = Debug|Any CPU
		{CC0BDF1A-9641-4628-9F0F-3500DDC99534}.Debug|Any CPU.Build.0 = Debug|Any CPU
		{CC0BDF1A-9641-4628-9F0F-3500DDC99534}.Debug|Mixed Platforms.ActiveCfg = Debug|Any CPU
		{CC0BDF1A-9641-4628-9F0F-3500DDC99534}.Debug|Mixed Platforms.Build.0 = Debug|Any CPU
		{CC0BDF1A-9641-4628-9F0F-3500DDC99534}.Debug|x86.ActiveCfg = Debug|Any CPU
		{CC0BDF1A-9641-4628-9F0F-3500DDC99534}.Release|Any CPU.ActiveCfg = Release|Any CPU
		{CC0BDF1A-9641-4628-9F0F-3500DDC99534}.Release|Any CPU.Build.0 = Release|Any CPU
		{CC0BDF1A-9641-4628-9F0F-3500DDC99534}.Release|Mixed Platforms.ActiveCfg = Release|Any CPU
		{CC0BDF1A-9641-4628-9F0F-3500DDC99534}.Release|Mixed Platforms.Build.0 = Release|Any CPU
		{CC0BDF1A-9641-4628-9F0F-3500DDC99534}.Release|x86.ActiveCfg = Release|Any CPU
		{9A537D7D-39FB-486D-AFB2-16509AB9753D}.Debug|Any CPU.ActiveCfg = Debug|Any CPU
		{9A537D7D-39FB-486D-AFB2-16509AB9753D}.Debug|Any CPU.Build.0 = Debug|Any CPU
		{9A537D7D-39FB-486D-AFB2-16509AB9753D}.Debug|Mixed Platforms.ActiveCfg = Debug|Any CPU
		{9A537D7D-39FB-486D-AFB2-16509AB9753D}.Debug|Mixed Platforms.Build.0 = Debug|Any CPU
		{9A537D7D-39FB-486D-AFB2-16509AB9753D}.Debug|x86.ActiveCfg = Debug|Any CPU
		{9A537D7D-39FB-486D-AFB2-16509AB9753D}.Release|Any CPU.ActiveCfg = Release|Any CPU
		{9A537D7D-39FB-486D-AFB2-16509AB9753D}.Release|Any CPU.Build.0 = Release|Any CPU
		{9A537D7D-39FB-486D-AFB2-16509AB9753D}.Release|Mixed Platforms.ActiveCfg = Release|Any CPU
		{9A537D7D-39FB-486D-AFB2-16509AB9753D}.Release|Mixed Platforms.Build.0 = Release|Any CPU
		{9A537D7D-39FB-486D-AFB2-16509AB9753D}.Release|x86.ActiveCfg = Release|Any CPU
		{0727F77B-B856-4D7D-8B2C-C1318B1EE46F}.Debug|Any CPU.ActiveCfg = Debug|Any CPU
		{0727F77B-B856-4D7D-8B2C-C1318B1EE46F}.Debug|Any CPU.Build.0 = Debug|Any CPU
		{0727F77B-B856-4D7D-8B2C-C1318B1EE46F}.Debug|Mixed Platforms.ActiveCfg = Debug|Any CPU
		{0727F77B-B856-4D7D-8B2C-C1318B1EE46F}.Debug|Mixed Platforms.Build.0 = Debug|Any CPU
		{0727F77B-B856-4D7D-8B2C-C1318B1EE46F}.Debug|x86.ActiveCfg = Debug|Any CPU
		{0727F77B-B856-4D7D-8B2C-C1318B1EE46F}.Release|Any CPU.ActiveCfg = Release|Any CPU
		{0727F77B-B856-4D7D-8B2C-C1318B1EE46F}.Release|Any CPU.Build.0 = Release|Any CPU
		{0727F77B-B856-4D7D-8B2C-C1318B1EE46F}.Release|Mixed Platforms.ActiveCfg = Release|Any CPU
		{0727F77B-B856-4D7D-8B2C-C1318B1EE46F}.Release|Mixed Platforms.Build.0 = Release|Any CPU
		{0727F77B-B856-4D7D-8B2C-C1318B1EE46F}.Release|x86.ActiveCfg = Release|Any CPU
		{AD41263E-2A61-4916-9D63-7101EA917811}.Debug|Any CPU.ActiveCfg = Debug|Any CPU
		{AD41263E-2A61-4916-9D63-7101EA917811}.Debug|Any CPU.Build.0 = Debug|Any CPU
		{AD41263E-2A61-4916-9D63-7101EA917811}.Debug|Mixed Platforms.ActiveCfg = Debug|Any CPU
		{AD41263E-2A61-4916-9D63-7101EA917811}.Debug|Mixed Platforms.Build.0 = Debug|Any CPU
		{AD41263E-2A61-4916-9D63-7101EA917811}.Debug|x86.ActiveCfg = Debug|Any CPU
		{AD41263E-2A61-4916-9D63-7101EA917811}.Release|Any CPU.ActiveCfg = Release|Any CPU
		{AD41263E-2A61-4916-9D63-7101EA917811}.Release|Any CPU.Build.0 = Release|Any CPU
		{AD41263E-2A61-4916-9D63-7101EA917811}.Release|Mixed Platforms.ActiveCfg = Release|Any CPU
		{AD41263E-2A61-4916-9D63-7101EA917811}.Release|Mixed Platforms.Build.0 = Release|Any CPU
		{AD41263E-2A61-4916-9D63-7101EA917811}.Release|x86.ActiveCfg = Release|Any CPU
		{D23C646D-5B43-453A-800F-7E0B4C9A280D}.Debug|Any CPU.ActiveCfg = Debug|Any CPU
		{D23C646D-5B43-453A-800F-7E0B4C9A280D}.Debug|Any CPU.Build.0 = Debug|Any CPU
		{D23C646D-5B43-453A-800F-7E0B4C9A280D}.Debug|Mixed Platforms.ActiveCfg = Debug|Any CPU
		{D23C646D-5B43-453A-800F-7E0B4C9A280D}.Debug|Mixed Platforms.Build.0 = Debug|Any CPU
		{D23C646D-5B43-453A-800F-7E0B4C9A280D}.Debug|x86.ActiveCfg = Debug|Any CPU
		{D23C646D-5B43-453A-800F-7E0B4C9A280D}.Release|Any CPU.ActiveCfg = Release|Any CPU
		{D23C646D-5B43-453A-800F-7E0B4C9A280D}.Release|Any CPU.Build.0 = Release|Any CPU
		{D23C646D-5B43-453A-800F-7E0B4C9A280D}.Release|Mixed Platforms.ActiveCfg = Release|Any CPU
		{D23C646D-5B43-453A-800F-7E0B4C9A280D}.Release|Mixed Platforms.Build.0 = Release|Any CPU
		{D23C646D-5B43-453A-800F-7E0B4C9A280D}.Release|x86.ActiveCfg = Release|Any CPU
		{90745AD6-4DFB-46C4-BFAF-1A26F6486722}.Debug|Any CPU.ActiveCfg = Debug|Any CPU
		{90745AD6-4DFB-46C4-BFAF-1A26F6486722}.Debug|Any CPU.Build.0 = Debug|Any CPU
		{90745AD6-4DFB-46C4-BFAF-1A26F6486722}.Debug|Mixed Platforms.ActiveCfg = Debug|Any CPU
		{90745AD6-4DFB-46C4-BFAF-1A26F6486722}.Debug|Mixed Platforms.Build.0 = Debug|Any CPU
		{90745AD6-4DFB-46C4-BFAF-1A26F6486722}.Debug|x86.ActiveCfg = Debug|Any CPU
		{90745AD6-4DFB-46C4-BFAF-1A26F6486722}.Release|Any CPU.ActiveCfg = Release|Any CPU
		{90745AD6-4DFB-46C4-BFAF-1A26F6486722}.Release|Any CPU.Build.0 = Release|Any CPU
		{90745AD6-4DFB-46C4-BFAF-1A26F6486722}.Release|Mixed Platforms.ActiveCfg = Release|Any CPU
		{90745AD6-4DFB-46C4-BFAF-1A26F6486722}.Release|Mixed Platforms.Build.0 = Release|Any CPU
		{90745AD6-4DFB-46C4-BFAF-1A26F6486722}.Release|x86.ActiveCfg = Release|Any CPU
		{16F9B534-09B0-42B5-BD49-E3B3364A48A7}.Debug|Any CPU.ActiveCfg = Debug|Any CPU
		{16F9B534-09B0-42B5-BD49-E3B3364A48A7}.Debug|Any CPU.Build.0 = Debug|Any CPU
		{16F9B534-09B0-42B5-BD49-E3B3364A48A7}.Debug|Mixed Platforms.ActiveCfg = Debug|Any CPU
		{16F9B534-09B0-42B5-BD49-E3B3364A48A7}.Debug|Mixed Platforms.Build.0 = Debug|Any CPU
		{16F9B534-09B0-42B5-BD49-E3B3364A48A7}.Debug|x86.ActiveCfg = Debug|Any CPU
		{16F9B534-09B0-42B5-BD49-E3B3364A48A7}.Release|Any CPU.ActiveCfg = Release|Any CPU
		{16F9B534-09B0-42B5-BD49-E3B3364A48A7}.Release|Any CPU.Build.0 = Release|Any CPU
		{16F9B534-09B0-42B5-BD49-E3B3364A48A7}.Release|Mixed Platforms.ActiveCfg = Release|Any CPU
		{16F9B534-09B0-42B5-BD49-E3B3364A48A7}.Release|Mixed Platforms.Build.0 = Release|Any CPU
		{16F9B534-09B0-42B5-BD49-E3B3364A48A7}.Release|x86.ActiveCfg = Release|Any CPU
		{3463BA25-163C-4A80-B246-9E807ADABF0B}.Debug|Any CPU.ActiveCfg = Debug|Any CPU
		{3463BA25-163C-4A80-B246-9E807ADABF0B}.Debug|Any CPU.Build.0 = Debug|Any CPU
		{3463BA25-163C-4A80-B246-9E807ADABF0B}.Debug|Mixed Platforms.ActiveCfg = Debug|Any CPU
		{3463BA25-163C-4A80-B246-9E807ADABF0B}.Debug|Mixed Platforms.Build.0 = Debug|Any CPU
		{3463BA25-163C-4A80-B246-9E807ADABF0B}.Debug|x86.ActiveCfg = Debug|Any CPU
		{3463BA25-163C-4A80-B246-9E807ADABF0B}.Release|Any CPU.ActiveCfg = Release|Any CPU
		{3463BA25-163C-4A80-B246-9E807ADABF0B}.Release|Any CPU.Build.0 = Release|Any CPU
		{3463BA25-163C-4A80-B246-9E807ADABF0B}.Release|Mixed Platforms.ActiveCfg = Release|Any CPU
		{3463BA25-163C-4A80-B246-9E807ADABF0B}.Release|Mixed Platforms.Build.0 = Release|Any CPU
		{3463BA25-163C-4A80-B246-9E807ADABF0B}.Release|x86.ActiveCfg = Release|Any CPU
		{691F7D23-82FA-4194-8357-0EF40092C050}.Debug|Any CPU.ActiveCfg = Debug|Any CPU
		{691F7D23-82FA-4194-8357-0EF40092C050}.Debug|Any CPU.Build.0 = Debug|Any CPU
		{691F7D23-82FA-4194-8357-0EF40092C050}.Debug|Mixed Platforms.ActiveCfg = Debug|Any CPU
		{691F7D23-82FA-4194-8357-0EF40092C050}.Debug|Mixed Platforms.Build.0 = Debug|Any CPU
		{691F7D23-82FA-4194-8357-0EF40092C050}.Debug|x86.ActiveCfg = Debug|Any CPU
		{691F7D23-82FA-4194-8357-0EF40092C050}.Release|Any CPU.ActiveCfg = Release|Any CPU
		{691F7D23-82FA-4194-8357-0EF40092C050}.Release|Any CPU.Build.0 = Release|Any CPU
		{691F7D23-82FA-4194-8357-0EF40092C050}.Release|Mixed Platforms.ActiveCfg = Release|Any CPU
		{691F7D23-82FA-4194-8357-0EF40092C050}.Release|Mixed Platforms.Build.0 = Release|Any CPU
		{691F7D23-82FA-4194-8357-0EF40092C050}.Release|x86.ActiveCfg = Release|Any CPU
		{7923C5AB-895D-4687-883E-CD5116986954}.Debug|Any CPU.ActiveCfg = Debug|Any CPU
		{7923C5AB-895D-4687-883E-CD5116986954}.Debug|Any CPU.Build.0 = Debug|Any CPU
		{7923C5AB-895D-4687-883E-CD5116986954}.Debug|Mixed Platforms.ActiveCfg = Debug|Any CPU
		{7923C5AB-895D-4687-883E-CD5116986954}.Debug|Mixed Platforms.Build.0 = Debug|Any CPU
		{7923C5AB-895D-4687-883E-CD5116986954}.Debug|x86.ActiveCfg = Debug|Any CPU
		{7923C5AB-895D-4687-883E-CD5116986954}.Release|Any CPU.ActiveCfg = Release|Any CPU
		{7923C5AB-895D-4687-883E-CD5116986954}.Release|Any CPU.Build.0 = Release|Any CPU
		{7923C5AB-895D-4687-883E-CD5116986954}.Release|Mixed Platforms.ActiveCfg = Release|Any CPU
		{7923C5AB-895D-4687-883E-CD5116986954}.Release|Mixed Platforms.Build.0 = Release|Any CPU
		{7923C5AB-895D-4687-883E-CD5116986954}.Release|x86.ActiveCfg = Release|Any CPU
		{8D46364B-4F22-403D-84E3-C2DCA8E49A4A}.Debug|Any CPU.ActiveCfg = Debug|Any CPU
		{8D46364B-4F22-403D-84E3-C2DCA8E49A4A}.Debug|Any CPU.Build.0 = Debug|Any CPU
		{8D46364B-4F22-403D-84E3-C2DCA8E49A4A}.Debug|Mixed Platforms.ActiveCfg = Debug|Any CPU
		{8D46364B-4F22-403D-84E3-C2DCA8E49A4A}.Debug|Mixed Platforms.Build.0 = Debug|Any CPU
		{8D46364B-4F22-403D-84E3-C2DCA8E49A4A}.Debug|x86.ActiveCfg = Debug|Any CPU
		{8D46364B-4F22-403D-84E3-C2DCA8E49A4A}.Release|Any CPU.ActiveCfg = Release|Any CPU
		{8D46364B-4F22-403D-84E3-C2DCA8E49A4A}.Release|Any CPU.Build.0 = Release|Any CPU
		{8D46364B-4F22-403D-84E3-C2DCA8E49A4A}.Release|Mixed Platforms.ActiveCfg = Release|Any CPU
		{8D46364B-4F22-403D-84E3-C2DCA8E49A4A}.Release|Mixed Platforms.Build.0 = Release|Any CPU
		{8D46364B-4F22-403D-84E3-C2DCA8E49A4A}.Release|x86.ActiveCfg = Release|Any CPU
		{DC9630B5-3D6F-454E-BD91-0BA9E1D165BC}.Debug|Any CPU.ActiveCfg = Debug|Any CPU
		{DC9630B5-3D6F-454E-BD91-0BA9E1D165BC}.Debug|Any CPU.Build.0 = Debug|Any CPU
		{DC9630B5-3D6F-454E-BD91-0BA9E1D165BC}.Debug|Mixed Platforms.ActiveCfg = Debug|Any CPU
		{DC9630B5-3D6F-454E-BD91-0BA9E1D165BC}.Debug|Mixed Platforms.Build.0 = Debug|Any CPU
		{DC9630B5-3D6F-454E-BD91-0BA9E1D165BC}.Debug|x86.ActiveCfg = Debug|Any CPU
		{DC9630B5-3D6F-454E-BD91-0BA9E1D165BC}.Release|Any CPU.ActiveCfg = Release|Any CPU
		{DC9630B5-3D6F-454E-BD91-0BA9E1D165BC}.Release|Any CPU.Build.0 = Release|Any CPU
		{DC9630B5-3D6F-454E-BD91-0BA9E1D165BC}.Release|Mixed Platforms.ActiveCfg = Release|Any CPU
		{DC9630B5-3D6F-454E-BD91-0BA9E1D165BC}.Release|Mixed Platforms.Build.0 = Release|Any CPU
		{DC9630B5-3D6F-454E-BD91-0BA9E1D165BC}.Release|x86.ActiveCfg = Release|Any CPU
		{F7A80263-AEB6-4C6B-A1B6-A46FB76BFA57}.Debug|Any CPU.ActiveCfg = Debug|Any CPU
		{F7A80263-AEB6-4C6B-A1B6-A46FB76BFA57}.Debug|Any CPU.Build.0 = Debug|Any CPU
		{F7A80263-AEB6-4C6B-A1B6-A46FB76BFA57}.Debug|Mixed Platforms.ActiveCfg = Debug|Any CPU
		{F7A80263-AEB6-4C6B-A1B6-A46FB76BFA57}.Debug|Mixed Platforms.Build.0 = Debug|Any CPU
		{F7A80263-AEB6-4C6B-A1B6-A46FB76BFA57}.Debug|x86.ActiveCfg = Debug|Any CPU
		{F7A80263-AEB6-4C6B-A1B6-A46FB76BFA57}.Debug|x86.Build.0 = Debug|Any CPU
		{F7A80263-AEB6-4C6B-A1B6-A46FB76BFA57}.Release|Any CPU.ActiveCfg = Release|Any CPU
		{F7A80263-AEB6-4C6B-A1B6-A46FB76BFA57}.Release|Any CPU.Build.0 = Release|Any CPU
		{F7A80263-AEB6-4C6B-A1B6-A46FB76BFA57}.Release|Mixed Platforms.ActiveCfg = Release|Any CPU
		{F7A80263-AEB6-4C6B-A1B6-A46FB76BFA57}.Release|Mixed Platforms.Build.0 = Release|Any CPU
		{F7A80263-AEB6-4C6B-A1B6-A46FB76BFA57}.Release|x86.ActiveCfg = Release|Any CPU
		{F7A80263-AEB6-4C6B-A1B6-A46FB76BFA57}.Release|x86.Build.0 = Release|Any CPU
		{239E2B25-187D-4ACB-8A53-5506DF37B807}.Debug|Any CPU.ActiveCfg = Debug|Any CPU
		{239E2B25-187D-4ACB-8A53-5506DF37B807}.Debug|Any CPU.Build.0 = Debug|Any CPU
		{239E2B25-187D-4ACB-8A53-5506DF37B807}.Debug|Mixed Platforms.ActiveCfg = Debug|Any CPU
		{239E2B25-187D-4ACB-8A53-5506DF37B807}.Debug|Mixed Platforms.Build.0 = Debug|Any CPU
		{239E2B25-187D-4ACB-8A53-5506DF37B807}.Debug|x86.ActiveCfg = Debug|Any CPU
		{239E2B25-187D-4ACB-8A53-5506DF37B807}.Debug|x86.Build.0 = Debug|Any CPU
		{239E2B25-187D-4ACB-8A53-5506DF37B807}.Release|Any CPU.ActiveCfg = Release|Any CPU
		{239E2B25-187D-4ACB-8A53-5506DF37B807}.Release|Any CPU.Build.0 = Release|Any CPU
		{239E2B25-187D-4ACB-8A53-5506DF37B807}.Release|Mixed Platforms.ActiveCfg = Release|Any CPU
		{239E2B25-187D-4ACB-8A53-5506DF37B807}.Release|Mixed Platforms.Build.0 = Release|Any CPU
		{239E2B25-187D-4ACB-8A53-5506DF37B807}.Release|x86.ActiveCfg = Release|Any CPU
		{239E2B25-187D-4ACB-8A53-5506DF37B807}.Release|x86.Build.0 = Release|Any CPU
		{A6AE1EAF-0D50-4E8F-B329-6981FD3419E3}.Debug|Any CPU.ActiveCfg = Debug|Any CPU
		{A6AE1EAF-0D50-4E8F-B329-6981FD3419E3}.Debug|Any CPU.Build.0 = Debug|Any CPU
		{A6AE1EAF-0D50-4E8F-B329-6981FD3419E3}.Debug|Mixed Platforms.ActiveCfg = Debug|Any CPU
		{A6AE1EAF-0D50-4E8F-B329-6981FD3419E3}.Debug|Mixed Platforms.Build.0 = Debug|Any CPU
		{A6AE1EAF-0D50-4E8F-B329-6981FD3419E3}.Debug|x86.ActiveCfg = Debug|Any CPU
		{A6AE1EAF-0D50-4E8F-B329-6981FD3419E3}.Debug|x86.Build.0 = Debug|Any CPU
		{A6AE1EAF-0D50-4E8F-B329-6981FD3419E3}.Release|Any CPU.ActiveCfg = Release|Any CPU
		{A6AE1EAF-0D50-4E8F-B329-6981FD3419E3}.Release|Any CPU.Build.0 = Release|Any CPU
		{A6AE1EAF-0D50-4E8F-B329-6981FD3419E3}.Release|Mixed Platforms.ActiveCfg = Release|Any CPU
		{A6AE1EAF-0D50-4E8F-B329-6981FD3419E3}.Release|Mixed Platforms.Build.0 = Release|Any CPU
		{A6AE1EAF-0D50-4E8F-B329-6981FD3419E3}.Release|x86.ActiveCfg = Release|Any CPU
		{A6AE1EAF-0D50-4E8F-B329-6981FD3419E3}.Release|x86.Build.0 = Release|Any CPU
		{74BD7D76-7EAB-42B8-90AD-58486C5D12C0}.Debug|Any CPU.ActiveCfg = Debug|Any CPU
		{74BD7D76-7EAB-42B8-90AD-58486C5D12C0}.Debug|Any CPU.Build.0 = Debug|Any CPU
		{74BD7D76-7EAB-42B8-90AD-58486C5D12C0}.Debug|Mixed Platforms.ActiveCfg = Debug|Any CPU
		{74BD7D76-7EAB-42B8-90AD-58486C5D12C0}.Debug|Mixed Platforms.Build.0 = Debug|Any CPU
		{74BD7D76-7EAB-42B8-90AD-58486C5D12C0}.Debug|x86.ActiveCfg = Debug|Any CPU
		{74BD7D76-7EAB-42B8-90AD-58486C5D12C0}.Debug|x86.Build.0 = Debug|Any CPU
		{74BD7D76-7EAB-42B8-90AD-58486C5D12C0}.Release|Any CPU.ActiveCfg = Release|Any CPU
		{74BD7D76-7EAB-42B8-90AD-58486C5D12C0}.Release|Any CPU.Build.0 = Release|Any CPU
		{74BD7D76-7EAB-42B8-90AD-58486C5D12C0}.Release|Mixed Platforms.ActiveCfg = Release|Any CPU
		{74BD7D76-7EAB-42B8-90AD-58486C5D12C0}.Release|Mixed Platforms.Build.0 = Release|Any CPU
		{74BD7D76-7EAB-42B8-90AD-58486C5D12C0}.Release|x86.ActiveCfg = Release|Any CPU
		{74BD7D76-7EAB-42B8-90AD-58486C5D12C0}.Release|x86.Build.0 = Release|Any CPU
		{6E7577B1-A073-4A6F-8171-0797EEF9044E}.Debug|Any CPU.ActiveCfg = Debug|Any CPU
		{6E7577B1-A073-4A6F-8171-0797EEF9044E}.Debug|Any CPU.Build.0 = Debug|Any CPU
		{6E7577B1-A073-4A6F-8171-0797EEF9044E}.Debug|Mixed Platforms.ActiveCfg = Debug|Any CPU
		{6E7577B1-A073-4A6F-8171-0797EEF9044E}.Debug|Mixed Platforms.Build.0 = Debug|Any CPU
		{6E7577B1-A073-4A6F-8171-0797EEF9044E}.Debug|x86.ActiveCfg = Debug|Any CPU
		{6E7577B1-A073-4A6F-8171-0797EEF9044E}.Debug|x86.Build.0 = Debug|Any CPU
		{6E7577B1-A073-4A6F-8171-0797EEF9044E}.Release|Any CPU.ActiveCfg = Release|Any CPU
		{6E7577B1-A073-4A6F-8171-0797EEF9044E}.Release|Any CPU.Build.0 = Release|Any CPU
		{6E7577B1-A073-4A6F-8171-0797EEF9044E}.Release|Mixed Platforms.ActiveCfg = Release|Any CPU
		{6E7577B1-A073-4A6F-8171-0797EEF9044E}.Release|Mixed Platforms.Build.0 = Release|Any CPU
		{6E7577B1-A073-4A6F-8171-0797EEF9044E}.Release|x86.ActiveCfg = Release|Any CPU
		{6E7577B1-A073-4A6F-8171-0797EEF9044E}.Release|x86.Build.0 = Release|Any CPU
		{9CBE57BB-6546-4628-B568-E8BBA2A76701}.Debug|Any CPU.ActiveCfg = Debug|Any CPU
		{9CBE57BB-6546-4628-B568-E8BBA2A76701}.Debug|Any CPU.Build.0 = Debug|Any CPU
		{9CBE57BB-6546-4628-B568-E8BBA2A76701}.Debug|Mixed Platforms.ActiveCfg = Debug|Any CPU
		{9CBE57BB-6546-4628-B568-E8BBA2A76701}.Debug|Mixed Platforms.Build.0 = Debug|Any CPU
		{9CBE57BB-6546-4628-B568-E8BBA2A76701}.Debug|x86.ActiveCfg = Debug|Any CPU
		{9CBE57BB-6546-4628-B568-E8BBA2A76701}.Debug|x86.Build.0 = Debug|Any CPU
		{9CBE57BB-6546-4628-B568-E8BBA2A76701}.Release|Any CPU.ActiveCfg = Release|Any CPU
		{9CBE57BB-6546-4628-B568-E8BBA2A76701}.Release|Any CPU.Build.0 = Release|Any CPU
		{9CBE57BB-6546-4628-B568-E8BBA2A76701}.Release|Mixed Platforms.ActiveCfg = Release|Any CPU
		{9CBE57BB-6546-4628-B568-E8BBA2A76701}.Release|Mixed Platforms.Build.0 = Release|Any CPU
		{9CBE57BB-6546-4628-B568-E8BBA2A76701}.Release|x86.ActiveCfg = Release|Any CPU
		{9CBE57BB-6546-4628-B568-E8BBA2A76701}.Release|x86.Build.0 = Release|Any CPU
	EndGlobalSection
	GlobalSection(SolutionProperties) = preSolution
		HideSolutionNode = FALSE
	EndGlobalSection
	GlobalSection(NestedProjects) = preSolution
		{9A537D7D-39FB-486D-AFB2-16509AB9753D} = {8E49B025-5D28-47AF-BB7A-1999943B0ED1}
		{0727F77B-B856-4D7D-8B2C-C1318B1EE46F} = {8E49B025-5D28-47AF-BB7A-1999943B0ED1}
		{AD41263E-2A61-4916-9D63-7101EA917811} = {8E49B025-5D28-47AF-BB7A-1999943B0ED1}
		{90745AD6-4DFB-46C4-BFAF-1A26F6486722} = {8E49B025-5D28-47AF-BB7A-1999943B0ED1}
		{16F9B534-09B0-42B5-BD49-E3B3364A48A7} = {8E49B025-5D28-47AF-BB7A-1999943B0ED1}
		{691F7D23-82FA-4194-8357-0EF40092C050} = {8E49B025-5D28-47AF-BB7A-1999943B0ED1}
		{7923C5AB-895D-4687-883E-CD5116986954} = {8E49B025-5D28-47AF-BB7A-1999943B0ED1}
		{8D46364B-4F22-403D-84E3-C2DCA8E49A4A} = {8E49B025-5D28-47AF-BB7A-1999943B0ED1}
		{F7A80263-AEB6-4C6B-A1B6-A46FB76BFA57} = {8E49B025-5D28-47AF-BB7A-1999943B0ED1}
		{239E2B25-187D-4ACB-8A53-5506DF37B807} = {8E49B025-5D28-47AF-BB7A-1999943B0ED1}
		{A6AE1EAF-0D50-4E8F-B329-6981FD3419E3} = {8E49B025-5D28-47AF-BB7A-1999943B0ED1}
	EndGlobalSection
	GlobalSection(ExtensibilityGlobals) = postSolution
		SolutionGuid = {EF5CDA0D-6E4A-47B7-BA55-35C4401998AA}
	EndGlobalSection
EndGlobal
